lockfileVersion: "9.0"

settings:
  autoInstallPeers: true
  excludeLinksFromLockfile: false

importers:
  .:
    dependencies:
      "@effect/platform-node":
        specifier: 4.0.0-beta.105
        version: 4.0.0-beta.105(effect@4.0.0-beta.105)(ioredis@5.11.1)
      "@effect/sql-sqlite-node":
        specifier: 4.0.0-beta.105
        version: 4.0.0-beta.105(effect@4.0.0-beta.105)
      "@railway/cli":
        specifier: 5.30.1
        version: 5.30.1
      dfx:
        specifier: 1.0.15
        version: 1.0.15(effect@4.0.0-beta.105)
      effect:
        specifier: 4.0.0-beta.105
        version: 4.0.0-beta.105
      sharp:
        specifier: 0.35.4
        version: 0.35.4(@types/node@26.1.1)
    devDependencies:
      prettier:
        specifier: ^3.9.6
        version: 3.9.6
      tsx:
        specifier: ^4.23.1
        version: 4.23.1
      typescript:
        specifier: ^7.0.2
        version: 7.0.2

packages:
  "@effect/platform-node-shared@4.0.0-beta.105":
    resolution:
      {
        integrity: sha512-UfeC8cFm4sP+XW14OO66CcOGJ8PcD102hH0kLwj8xUVL6nYIDGE/SJvlfVmFx+9OWF6rnjfXjMV6vyl6mCdhCQ==,
      }
    engines: { node: ">=18.0.0" }
    peerDependencies:
      effect: ^4.0.0-beta.105

  "@effect/platform-node@4.0.0-beta.105":
    resolution:
      {
        integrity: sha512-gOHtgE9PqCT8aiiM0W7ZSbu4M2/jPGfJOKWuyBCxofNV5Np36fFY55FSa1MtyG+vjOjlD5btNY2i6i/SPtRqTA==,
      }
    engines: { node: ">=18.0.0" }
    peerDependencies:
      effect: ^4.0.0-beta.105
      ioredis: ">=5.7.0 <6.0.0"

  "@effect/sql-sqlite-node@4.0.0-beta.105":
    resolution:
      {
        integrity: sha512-M4b2H/S53pe247GNvDRpBLHlpqehF3AWoDyHwtqjbZC8eS1H4ZtA4ID3s9aNNNETfzEeaIJXaZu6uk2UT0KN+A==,
      }
    peerDependencies:
      effect: ^4.0.0-beta.105

  "@emnapi/runtime@1.11.3":
    resolution:
      {
        integrity: sha512-Xz4Tpyki7XyrpbUK1jR1AhdAdaXyhhY4lZ3neLodmhpuWfy2PAQN5B46sAiU4liOXGLkHypn/qU+jvfWSCYYLA==,
      }

  "@esbuild/aix-ppc64@0.28.1":
    resolution:
      {
        integrity: sha512-Svl7tq8k/08+p6CXPpRjQ1fKX+1odH/BQbb48fV6fj3CWHhsoIOoY87w1oHXm0qEpkIK3ZfVgp0hed3XBXzXMQ==,
      }
    engines: { node: ">=18" }
    cpu: [ppc64]
    os: [aix]

  "@esbuild/android-arm64@0.28.1":
    resolution:
      {
        integrity: sha512-34EGEbCIAgosYz6goLcopX6Mo7NyGv9tfwEM2/7Ce2VcVRk568iSvniGWcUXIy7wEDR1wzolcxcriFVrWYcwBg==,
      }
    engines: { node: ">=18" }
    cpu: [arm64]
    os: [android]

  "@esbuild/android-arm@0.28.1":
    resolution:
      {
        integrity: sha512-0k2F129Xdio1TdJfzJ8sy1Q47vUD2NnwdhiAf7drUN1EBTfPf4hsFCtmMgu/6m8JSzsBrlmVjudMBQqOfG8usQ==,
      }
    engines: { node: ">=18" }
    cpu: [arm]
    os: [android]

  "@esbuild/android-x64@0.28.1":
    resolution:
      {
        integrity: sha512-dbwY7ltSMDWsRatcRpCnES4F+im88OCUgGZjy52shC7GqHRE/cYlxNbB4Z4UpJswpcc4Qxd2oE/ufM0p61IKng==,
      }
    engines: { node: ">=18" }
    cpu: [x64]
    os: [android]

  "@esbuild/darwin-arm64@0.28.1":
    resolution:
      {
        integrity: sha512-TZbWkQY7kvTAXbXUT7uVACR5cMHsDiSz9z7ZKAX/RTq/WJEk3QyRr0wZpNhBDX+/0CtdqUIJlOiodQcta6tY3Q==,
      }
    engines: { node: ">=18" }
    cpu: [arm64]
    os: [darwin]

  "@esbuild/darwin-x64@0.28.1":
    resolution:
      {
        integrity: sha512-zfdzgK9ACBNZLI/CyHTOx81SyNbM6YXn7rxSgX97VjyiPl9W1i4Ka4fgKECEoFCKGpvBj5qArWIGgQjOwkgskQ==,
      }
    engines: { node: ">=18" }
    cpu: [x64]
    os: [darwin]

  "@esbuild/freebsd-arm64@0.28.1":
    resolution:
      {
        integrity: sha512-wG2EA8ENdEI0qhkSZMjfqrdY+ziCYCPMmtZjjIwOmXFjmyzEHn+UUxk5of+SYsjtfs3VpnlC7QLzSI5hY/rOAw==,
      }
    engines: { node: ">=18" }
    cpu: [arm64]
    os: [freebsd]

  "@esbuild/freebsd-x64@0.28.1":
    resolution:
      {
        integrity: sha512-i7dZ9vQgnvSCzi/rYCXNgtF/U+eKZNJBzu3eTQbRgHnM7tNSizLOkRFAl3qzVc/Op/u5YkHHa4pf/3DOYHthLQ==,
      }
    engines: { node: ">=18" }
    cpu: [x64]
    os: [freebsd]

  "@esbuild/linux-arm64@0.28.1":
    resolution:
      {
        integrity: sha512-yHs+0uc8+nvEAfAfxrWQKK5peSNzBc4PegcMO0EJ2hT71uA7vB8Ihg2e77R2P7SG5uYjPbHlLLmve4LLLRCf0g==,
      }
    engines: { node: ">=18" }
    cpu: [arm64]
    os: [linux]

  "@esbuild/linux-arm@0.28.1":
    resolution:
      {
        integrity: sha512-qVXBOHQS+d5Y722GwJzJUtOLlX7km3CraOaGormF1pDtPd2C/l1SHRPgjLunLGe51Sh5YYWKMFDyV4SxgMQYTQ==,
      }
    engines: { node: ">=18" }
    cpu: [arm]
    os: [linux]

  "@esbuild/linux-ia32@0.28.1":
    resolution:
      {
        integrity: sha512-d1z4ZuP0ajrfz/FhGT4vv278rX8KnPPJx8i5+AtK7TYbx9Le9F1hyzurZpkEyjkGa9dUGhQow4C1NmeGvqxN2w==,
      }
    engines: { node: ">=18" }
    cpu: [ia32]
    os: [linux]

  "@esbuild/linux-loong64@0.28.1":
    resolution:
      {
        integrity: sha512-M5sRjUVZrkm1OAPR3dlOYzNmN+loZKGVi1VUQGrwuqLcbR6qeAz+famMhjASeH3YVKvZz+zT1jlh/keC3Rj/lg==,
      }
    engines: { node: ">=18" }
    cpu: [loong64]
    os: [linux]

  "@esbuild/linux-mips64el@0.28.1":
    resolution:
      {
        integrity: sha512-mRObBZeHh2OxcBFPWE/FjylkRgZdYuiTR3vaTozquCGOH14iP9oN4x4Ge81CoIDYQrXmIxpFumJBu5MtZpnQJQ==,
      }
    engines: { node: ">=18" }
    cpu: [mips64el]
    os: [linux]

  "@esbuild/linux-ppc64@0.28.1":
    resolution:
      {
        integrity: sha512-slScBsMAb3GFDcdrCgLwZtPYRoH2H/youv10QiZyRjmsP48fznoveWytSgCI/R0ZcUgpc0ZhIUEx6LHts8yrfQ==,
      }
    engines: { node: ">=18" }
    cpu: [ppc64]
    os: [linux]

  "@esbuild/linux-riscv64@0.28.1":
    resolution:
      {
        integrity: sha512-kw0owk1o0GFETUJyW0jc0G4Yzs0BHZn0JDZ8JRT088vjJYX777BAs1fDGxAC+q831qOs2DTC96mNsG2opdfyyQ==,
      }
    engines: { node: ">=18" }
    cpu: [riscv64]
    os: [linux]

  "@esbuild/linux-s390x@0.28.1":
    resolution:
      {
        integrity: sha512-/lAIjX8aYFRByhh6L5rYtPEDRqa9de/4V/juOXcta5frjvzXO4/sqEtyytse0g3zZFuWu5cDN0MkLz2qRDD2Ag==,
      }
    engines: { node: ">=18" }
    cpu: [s390x]
    os: [linux]

  "@esbuild/linux-x64@0.28.1":
    resolution:
      {
        integrity: sha512-u/anNYF2mmVOEDwLtnQ1wOr3EZ9sTNGLWrsYGYwHWzGA3Si84IOkHXlbWTD1NB+9/1lcnweYKO54uhxZydNzfA==,
      }
    engines: { node: ">=18" }
    cpu: [x64]
    os: [linux]

  "@esbuild/netbsd-arm64@0.28.1":
    resolution:
      {
        integrity: sha512-oks0DYbLwWMmaakTsCb+zL4E+aHRVLom9IJZOAthMQEPiQmydXHkziYEsGYRx0uNV/IjEKGAV941JzH02pflqw==,
      }
    engines: { node: ">=18" }
    cpu: [arm64]
    os: [netbsd]

  "@esbuild/netbsd-x64@0.28.1":
    resolution:
      {
        integrity: sha512-aeL6lAnN89Hz43Mlh1G8ARasbuoYvSITDEx0tHh5b7jJnHcssqgjy9Yx430GDpmCa6OyrKoS0aNRjKundRizGg==,
      }
    engines: { node: ">=18" }
    cpu: [x64]
    os: [netbsd]

  "@esbuild/openbsd-arm64@0.28.1":
    resolution:
      {
        integrity: sha512-MEFJe5C3R8pwXdZ5Y21oo6m7ePiS0d9pWucn99O/wvyJZChoIQKrQDxKrGeW8F5+T0okTHesAmDeiHDTIq0V/Q==,
      }
    engines: { node: ">=18" }
    cpu: [arm64]
    os: [openbsd]

  "@esbuild/openbsd-x64@0.28.1":
    resolution:
      {
        integrity: sha512-i/ZLIOafE0Z8cI/XANJAixoJL/uRAoS2xOA3rb0xN+KK0K177cMAsQYkzHtBrtMXAKuAc7HGgcWiZ/sRC1Nxgw==,
      }
    engines: { node: ">=18" }
    cpu: [x64]
    os: [openbsd]

  "@esbuild/openharmony-arm64@0.28.1":
    resolution:
      {
        integrity: sha512-ge+Z7EXFNt2BO1oAMsVpiQ8EwndV9i1xXerAeTIK7AtPs3bKFXQM7nlRxDSIUIMeueR1CNXxqztLzdNeReKBJg==,
      }
    engines: { node: ">=18" }
    cpu: [arm64]
    os: [openharmony]

  "@esbuild/sunos-x64@0.28.1":
    resolution:
      {
        integrity: sha512-BEjgtECkL3vY+SaSQ6nzVfiALUeFxpawyp8Jmf5PtYhf1Ug40N1h/hxlhts+f1FvSvarEigdxS3BlSMI2PJLcQ==,
      }
    engines: { node: ">=18" }
    cpu: [x64]
    os: [sunos]

  "@esbuild/win32-arm64@0.28.1":
    resolution:
      {
        integrity: sha512-lCv9eK/H6ZJWbE7bh2nw54CZ9M2nupBxJcTsdk/QQnWkdSjKGuxmmH8/GWrlT1eMmZfn4dGcCjRte397WqfQXA==,
      }
    engines: { node: ">=18" }
    cpu: [arm64]
    os: [win32]

  "@esbuild/win32-ia32@0.28.1":
    resolution:
      {
        integrity: sha512-zvb/mB2bSCoJOpoCBgYKKpX6YM6mJBlBUVUtVj41DlZJVEB6/0CKlRYxP5wWl1C1ILiCoAU5wZZ4q1P3qeS6Eg==,
      }
    engines: { node: ">=18" }
    cpu: [ia32]
    os: [win32]

  "@esbuild/win32-x64@0.28.1":
    resolution:
      {
        integrity: sha512-bm4Mowrv+GXMlpWX++EcXw/iLyd1o3+bJkC2DkWXYVvgZCqD/bSj9ctZeAMC3cIxgjRVR2Dufaiu4YPxr5gW1A==,
      }
    engines: { node: ">=18" }
    cpu: [x64]
    os: [win32]

  "@img/colour@1.1.0":
    resolution:
      {
        integrity: sha512-Td76q7j57o/tLVdgS746cYARfSyxk8iEfRxewL9h4OMzYhbW4TAcppl0mT4eyqXddh6L/jwoM75mo7ixa/pCeQ==,
      }
    engines: { node: ">=18" }

  "@img/sharp-darwin-arm64@0.35.4":
    resolution:
      {
        integrity: sha512-Uhfl4V4lhP2nbUVF9+hyH1+luj86f1gUFeo8ALYxFoULoU+G87D43BfeMP8XHsk9boxAnCY/bf2EHwhA7MuGsA==,
      }
    engines: { node: ">=20.9.0" }
    cpu: [arm64]
    os: [darwin]

  "@img/sharp-darwin-x64@0.35.4":
    resolution:
      {
        integrity: sha512-hWniXY3bG5qKpkKrAwPe4y+VTPmf086YQAnkxWh7uA1YrlRouWGa0M0Mxj3ZjnXFkv7/TD1bTy9lGUK26vRvWw==,
      }
    engines: { node: ">=20.9.0" }
    cpu: [x64]
    os: [darwin]

  "@img/sharp-freebsd-wasm32@0.35.4":
    resolution:
      {
        integrity: sha512-lIsKw/BU+kjB4eZjxrYrZmwOJYi3Ajrv66iAlBmUPyKc3HpnloevB1g3wxGD9P/5BbQ1brBGl65VRRrCvQDEqA==,
      }
    engines: { node: ">=20.9.0" }
    os: [freebsd]

  "@img/sharp-libvips-darwin-arm64@1.3.3":
    resolution:
      {
        integrity: sha512-suTBPTDGrI9WodccaDdwZItTSaBYASlBk1NSfElSHrUfzu3szG6lvIF58+WiFvnfzuK8ZBFS5zE00PxqxnRiPg==,
      }
    cpu: [arm64]
    os: [darwin]

  "@img/sharp-libvips-darwin-x64@1.3.3":
    resolution:
      {
        integrity: sha512-FVJZ5mITMobmXIz/hPDTw0EintTW5H3WfrxwLqEqjiIihlu+hVRyGrFQ60xl0Lxn7Bt3zdpevPaQi0HEzqz9fw==,
      }
    cpu: [x64]
    os: [darwin]

  "@img/sharp-libvips-linux-arm64@1.3.3":
    resolution:
      {
        integrity: sha512-0DaL0A6Xu6sQSQFwe4iVCrKWU2cCTItnRsYsCdxAMm9NF6twAA9BKnoqy4hqz4+azQ0JHuA26qiUKsf1XJ/v5A==,
      }
    cpu: [arm64]
    os: [linux]
    libc: [glibc]

  "@img/sharp-libvips-linux-arm@1.3.3":
    resolution:
      {
        integrity: sha512-3rbU4vqXXc3hY/OiXdl52xZvT0F1yEngWfvqudtPJg/KkyiaQw2DRsFrNzpmLvfavbwOq3qXn36GP8obHRULQA==,
      }
    cpu: [arm]
    os: [linux]
    libc: [glibc]

  "@img/sharp-libvips-linux-ppc64@1.3.3":
    resolution:
      {
        integrity: sha512-cdn1OvUBwsXhbC0zSzJnNzf5MZ/mTrobawDvNXBTxe8VtqKAm0sRuEY2Evzovb/w9JMk4TvRxqt1mekSuJz64w==,
      }
    cpu: [ppc64]
    os: [linux]
    libc: [glibc]

  "@img/sharp-libvips-linux-riscv64@1.3.3":
    resolution:
      {
        integrity: sha512-HjPVx7yKz+0lqdhDlTw1tt90wamBoxhiXpvl1XZpJLiHH4RCJ5yDTqH+VlYPv2fwFs89JFw4c1IexYOcQUi4IQ==,
      }
    cpu: [riscv64]
    os: [linux]
    libc: [glibc]

  "@img/sharp-libvips-linux-s390x@1.3.3":
    resolution:
      {
        integrity: sha512-neWLh+3yCNThxnfy3c4BbVBeGgt9aftno+XbT56iK28RgeDs3UOFWviLWlUu0bArYVYJaFDK+RRohbicUNCm8Q==,
      }
    cpu: [s390x]
    os: [linux]
    libc: [glibc]

  "@img/sharp-libvips-linux-x64@1.3.3":
    resolution:
      {
        integrity: sha512-4vKmvAst9nrowcqquKFAyZJUDolUaIp8uRiN0mWFguJ1IplC9/pitXtlnnlU4aa/eJw3J7i67V+pwUL+wZGdsA==,
      }
    cpu: [x64]
    os: [linux]
    libc: [glibc]

  "@img/sharp-libvips-linuxmusl-arm64@1.3.3":
    resolution:
      {
        integrity: sha512-Y9kQaLMuNoB0bPYOOdcZMaseNrFpPodIWWMrx+CZyydf2xn68j9WYc6sWWRrDwNkzCQjKYfc68L7jKjGlHMibw==,
      }
    cpu: [arm64]
    os: [linux]
    libc: [musl]

  "@img/sharp-libvips-linuxmusl-x64@1.3.3":
    resolution:
      {
        integrity: sha512-fj8Mv0HHfD1Rr+4I68+3agJynxDWtBFgicTbSOb9Bke6pIwzGcJ+RX/yHjmiEGFMCavY/dxvem7MyNaJF+wDiw==,
      }
    cpu: [x64]
    os: [linux]
    libc: [musl]

  "@img/sharp-linux-arm64@0.35.4":
    resolution:
      {
        integrity: sha512-De4jpEnAU8Hd5oT0j1G3uL4ZvTuipVMn7YC6vPaJhy6/7EwEae0SVAoBrUMYQbkLGDm85taVWwuPc1a44LTzCQ==,
      }
    engines: { node: ">=20.9.0" }
    cpu: [arm64]
    os: [linux]
    libc: [glibc]

  "@img/sharp-linux-arm@0.35.4":
    resolution:
      {
        integrity: sha512-7OAS8gI0EReKGVN2HssHlM6umJgxF5VI3xN0p9FA91p/YO+ou5hiNghLdZ5BEHztwaaK5+bLKRf8x/o2L2nk9A==,
      }
    engines: { node: ">=20.9.0" }
    cpu: [arm]
    os: [linux]
    libc: [glibc]

  "@img/sharp-linux-ppc64@0.35.4":
    resolution:
      {
        integrity: sha512-2oYZJeIl4kCcMGk4ouZVjnkCtFrpQFlNEtJ6GbxzhHQchwH0NH/qEb9ykmOl29dqwMq+JhFdZn+1ak2FKhI9fQ==,
      }
    engines: { node: ">=20.9.0" }
    cpu: [ppc64]
    os: [linux]
    libc: [glibc]

  "@img/sharp-linux-riscv64@0.35.4":
    resolution:
      {
        integrity: sha512-cPbNChoRURAWdebDIHSenxRpgEdy7JkPydSnUxRm9VvKD7m0/xVaR/8Fzlu81pk5nHEvHH87UZUA7cTtwnbJSA==,
      }
    engines: { node: ">=20.9.0" }
    cpu: [riscv64]
    os: [linux]
    libc: [glibc]

  "@img/sharp-linux-s390x@0.35.4":
    resolution:
      {
        integrity: sha512-RY0JFY8Fd6RonCBtHz+DvadaPkXDSI1AUn6yWL9TipqkZ1vY8w8evqdgyDFnkm4/K1ve1TvZiaePP5oSd4+WVQ==,
      }
    engines: { node: ">=20.9.0" }
    cpu: [s390x]
    os: [linux]
    libc: [glibc]

  "@img/sharp-linux-x64@0.35.4":
    resolution:
      {
        integrity: sha512-9qvvEAuk8k89TfWUoX2htWjbAMX8p+NxCppjpcg5k6xMsjhBQPTsoIh36h9Qde4WRuGpJeYnOjdosDn/cnv+OA==,
      }
    engines: { node: ">=20.9.0" }
    cpu: [x64]
    os: [linux]
    libc: [glibc]

  "@img/sharp-linuxmusl-arm64@0.35.4":
    resolution:
      {
        integrity: sha512-KB5jxpfWQTr0nc3xdHtWChdbifHrBGsd2SM62Eyxrl8afikm+f5qGBU75SJIZBT/S1MC8XyacdlXBMSWq6OURA==,
      }
    engines: { node: ">=20.9.0" }
    cpu: [arm64]
    os: [linux]
    libc: [musl]

  "@img/sharp-linuxmusl-x64@0.35.4":
    resolution:
      {
        integrity: sha512-f+eZJZIQNEEd26RPSW+76chwOf1XtA2Y/O+5ocVyLliHkeih3e+jhLVBdNTd2rS3IbNXK8+ug93Vf5ZXtF5Lxg==,
      }
    engines: { node: ">=20.9.0" }
    cpu: [x64]
    os: [linux]
    libc: [musl]

  "@img/sharp-wasm32@0.35.4":
    resolution:
      {
        integrity: sha512-zQnl4Kwp7Q6NHsENtU2T/00Zi+w3AQNwz3+UaTyVBy2FpXrzXzGjndpK61onhZjRtRpQXxCTeqw19bVyXOh7jA==,
      }
    engines: { node: ">=20.9.0" }

  "@img/sharp-webcontainers-wasm32@0.35.4":
    resolution:
      {
        integrity: sha512-ESfNkywmCfPNyaZjxooddJQiQ+l/nTpGEOGthxiLnIHXC/CmcBixnfwUleX9mCz9ovrUUvKMap/pm8RYbzfwaA==,
      }
    engines: { node: ">=20.9.0" }
    cpu: [wasm32]

  "@img/sharp-win32-arm64@0.35.4":
    resolution:
      {
        integrity: sha512-iNdlBX9gLVvqe2I3uIJSIKTq6wckP/DYxZtcqxm09x5Gi24DnFBmPAWZmr60ZyYMG0xlzo6goG3670ar+RXvRw==,
      }
    engines: { node: ">=20.9.0" }
    cpu: [arm64]
    os: [win32]

  "@img/sharp-win32-ia32@0.35.4":
    resolution:
      {
        integrity: sha512-kqRsbaa5CS6KHlpxnN7WhE6vAAugXyZButpRdvDWetlv6Qv4N9WTcrWzF7tXfB9T7MsoadqdI8hmwLq6UlLvtw==,
      }
    engines: { node: ^20.9.0 }
    cpu: [ia32]
    os: [win32]

  "@img/sharp-win32-x64@0.35.4":
    resolution:
      {
        integrity: sha512-XtmnYhBcrORsJ4XJngyzr/EWP0hRZLAZRFaApdKuviyqF78+ylxh2y06ZmtULAMOnObJ3ucpN0AcwSWnMowTRg==,
      }
    engines: { node: ">=20.9.0" }
    cpu: [x64]
    os: [win32]

  "@ioredis/commands@1.10.0":
    resolution:
      {
        integrity: sha512-UmeW7z4LfctwoQ5wkhVzgq8tXkreED2xZGpX+Bg+zA+WJFZCT6c062AfCK/Dfk81xZnnwdhJCUMkitihRaoC2Q==,
      }

  "@msgpackr-extract/msgpackr-extract-darwin-arm64@3.0.4":
    resolution:
      {
        integrity: sha512-LCkGo6JDfaBhgST7UpPWgNgLINpcpabaHfyz5OBx75nUYxBsaEPxjnyNjWpeb/xBup/682QnBfRBy2/LvPutZQ==,
      }
    cpu: [arm64]
    os: [darwin]

  "@msgpackr-extract/msgpackr-extract-darwin-x64@3.0.4":
    resolution:
      {
        integrity: sha512-zExlW9zUJKZH/tOtVMttwjKa4Xm/3KcNjnE3dPN92uCktwavMxpgCA3MoJK/DOnTWsQgo224OaST27/mPNAf+w==,
      }
    cpu: [x64]
    os: [darwin]

  "@msgpackr-extract/msgpackr-extract-linux-arm64@3.0.4":
    resolution:
      {
        integrity: sha512-dgX0P/9wGPJeHFBG+ZmhgE6bmtMt7NP5CRBGyyktpopdk/mW4POnrpQsSLtKI1dwpc+pPLuXHDh6vvskyQE/sw==,
      }
    cpu: [arm64]
    os: [linux]

  "@msgpackr-extract/msgpackr-extract-linux-arm@3.0.4":
    resolution:
      {
        integrity: sha512-Tg3yX65f5GbtXLkrYEHE5oibZG9epyYWas7FogTTEJeDEF9JlXJzKgXaNhT3UXlTOeA+AfZpYZYZ0uPj7Cfquw==,
      }
    cpu: [arm]
    os: [linux]

  "@msgpackr-extract/msgpackr-extract-linux-x64@3.0.4":
    resolution:
      {
        integrity: sha512-8TNXMEjJc3QEy7R/x1INhgiU+XakDAFUzBhaz7+Rbrs8NH5UQeHQxxmzsSBJGyV6I1jW79undiQm8tOI+D+8FQ==,
      }
    cpu: [x64]
    os: [linux]

  "@msgpackr-extract/msgpackr-extract-win32-x64@3.0.4":
    resolution:
      {
        integrity: sha512-CmCXPQrkbwExx3j946/PtHWHbYJiCRBRDl4BlkRQcJB/YOwQxJRTpoo7aTsortjgoJ1x7opzTSxn7C+ASSLVjQ==,
      }
    cpu: [x64]
    os: [win32]

  "@napi-rs/triples@1.2.0":
    resolution:
      {
        integrity: sha512-HAPjR3bnCsdXBsATpDIP5WCrw0JcACwhhrwIAQhiR46n+jm+a2F8kBsfseAuWtSyQ+H3Yebt2k43B5dy+04yMA==,
      }

  "@railway/cli@5.30.1":
    resolution:
      {
        integrity: sha512-4l3Kw8b2FeHH5Thsy+Rq8QHd1HdRhQ0KDvavf4z2zSNx2zdLpY6tbYRKiGDuscNQ8b0GuAPiF6tYkbF2sh2LHA==,
      }
    engines: { node: ">=16.0.0" }
    hasBin: true

  "@standard-schema/spec@1.1.0":
    resolution:
      {
        integrity: sha512-l2aFy5jALhniG5HgqrD6jXLi/rUWrKvqN/qJx6yoJsgKhblVd+iqqU4RCXavm/jPityDo5TCvKMnpjKnOriy0w==,
      }

  "@types/body-parser@1.19.6":
    resolution:
      {
        integrity: sha512-HLFeCYgz89uk22N5Qg3dvGvsv46B8GLvKKo1zKG4NybA8U2DiEO3w9lqGg29t/tfLRJpJ6iQxnVw4OnB7MoM9g==,
      }

  "@types/connect@3.4.38":
    resolution:
      {
        integrity: sha512-K6uROf1LD88uDQqJCktA4yzL1YYAK6NgfsI0v/mTgyPKWsX1CnJ0XPSDhViejru1GcRkLWb8RlzFYJRqGUbaug==,
      }

  "@types/express-serve-static-core@4.19.9":
    resolution:
      {
        integrity: sha512-QP2ESEe/ImWY0HDwNAnK9PvEffUyhLTnWkk7KXzHfyeWAnlrDe1fN77bXl6ia8KT3wPlmA7t9/VPRpnf4Ex9sg==,
      }

  "@types/express@4.17.25":
    resolution:
      {
        integrity: sha512-dVd04UKsfpINUnK0yBoYHDF3xu7xVH4BuDotC/xGuycx4CgbP48X/KF/586bcObxT0HENHXEU8Nqtu6NR+eKhw==,
      }

  "@types/http-errors@2.0.5":
    resolution:
      {
        integrity: sha512-r8Tayk8HJnX0FztbZN7oVqGccWgw98T/0neJphO91KkmOzug1KkofZURD4UaD5uH8AqcFLfdPErnBod0u71/qg==,
      }

  "@types/mime@1.3.5":
    resolution:
      {
        integrity: sha512-/pyBZWSLD2n0dcHE3hq8s8ZvcETHtEuF+3E7XVt0Ig2nvsVQXdghHVcEkIWjy9A0wKfTn97a/PSDYohKIlnP/w==,
      }

  "@types/node@26.1.1":
    resolution:
      {
        integrity: sha512-nxAkRSVkN1Y0JC1W8ky/fTfkGsMmcrRsbx+3XoZE+rMOX71kLYTV7fLXpqud1GpbpP5TuffXFqfX7fH2GgZREw==,
      }

  "@types/qs@6.15.1":
    resolution:
      {
        integrity: sha512-GZHUBZR9hckSUhrxmp1nG6NwdpM9fCunJwyThLW1X3AyHgd9IlHb6VANpQQqDr2o/qQp6McZ3y/IA2rVzKzSbw==,
      }

  "@types/range-parser@1.2.7":
    resolution:
      {
        integrity: sha512-hKormJbkJqzQGhziax5PItDUTMAM9uE2XXQmM37dyd4hVM+5aVl7oVxMVUiVQn2oCQFN/LKCZdvSM0pFRqbSmQ==,
      }

  "@types/send@0.17.6":
    resolution:
      {
        integrity: sha512-Uqt8rPBE8SY0RK8JB1EzVOIZ32uqy8HwdxCnoCOsYrvnswqmFZ/k+9Ikidlk/ImhsdvBsloHbAlewb2IEBV/Og==,
      }

  "@types/send@1.2.1":
    resolution:
      {
        integrity: sha512-arsCikDvlU99zl1g69TcAB3mzZPpxgw0UQnaHeC1Nwb015xp8bknZv5rIfri9xTOcMuaVgvabfIRA7PSZVuZIQ==,
      }

  "@types/serve-static@1.15.10":
    resolution:
      {
        integrity: sha512-tRs1dB+g8Itk72rlSI2ZrW6vZg0YrLI81iQSTkMmOqnqCaNr/8Ek4VwWcN5vZgCYWbg/JJSGBlUaYGAOP73qBw==,
      }

  "@types/ws@8.18.1":
    resolution:
      {
        integrity: sha512-ThVF6DCVhA8kUGy+aazFQ4kXQ7E1Ty7A3ypFOe0IcJV8O/M511G99AW24irKrW56Wt44yG9+ij8FaqoBGkuBXg==,
      }

  "@typescript/typescript-aix-ppc64@7.0.2":
    resolution:
      {
        integrity: sha512-MTKKkWB7p/0E9xi1d1tHtZ5PiLkGEMIq88pK2CubZjOsLtYTLqhgIgi6zepFa+9GHZ6h05NMCkQxGKiPXMxXtQ==,
      }
    engines: { node: ">=16.20.0" }
    cpu: [ppc64]
    os: [aix]

  "@typescript/typescript-darwin-arm64@7.0.2":
    resolution:
      {
        integrity: sha512-gowzar9MwS/aRWp6f3a4KUqzRjAZjOsmGNCM6LcTgXum+dBfgsBVMN+AgvOCCbguXyick6LJhpBszxMebJ8syA==,
      }
    engines: { node: ">=16.20.0" }
    cpu: [arm64]
    os: [darwin]

  "@typescript/typescript-darwin-x64@7.0.2":
    resolution:
      {
        integrity: sha512-SZ9xZInqApNlNGc9s0W1VSsktYSOe9cFqNOIqmN1Gs8SmkjKZYFt017G4VwPxASInODuAdbTW7sXiFUf893RgA==,
      }
    engines: { node: ">=16.20.0" }
    cpu: [x64]
    os: [darwin]

  "@typescript/typescript-freebsd-arm64@7.0.2":
    resolution:
      {
        integrity: sha512-W5NH4y/J0plIIS5b2xvTEkU7JFxyqdMAOgf+Ilhl0vHQXKO5dZoxd+C/jEtq56c4F3wk71RB4BMRQ2XdI+bwYQ==,
      }
    engines: { node: ">=16.20.0" }
    cpu: [arm64]
    os: [freebsd]

  "@typescript/typescript-freebsd-x64@7.0.2":
    resolution:
      {
        integrity: sha512-UMGDx5sTpzNw3WiPebH7l90IWfJggEd+egHt/q6p7/Cm3zqoV7VxkGXt+3DxPIw8CcmvAB0j3sVVfbhX+M4Tpw==,
      }
    engines: { node: ">=16.20.0" }
    cpu: [x64]
    os: [freebsd]

  "@typescript/typescript-linux-arm64@7.0.2":
    resolution:
      {
        integrity: sha512-Qh4eU4/y3yDjnfjjyPYihMj5/ODIlmt+Bzu17OI+fiSRDW57QmU5SiN63exPRNJPKUzcc1INa1NXdrJ+MqHjUQ==,
      }
    engines: { node: ">=16.20.0" }
    cpu: [arm64]
    os: [linux]

  "@typescript/typescript-linux-arm@7.0.2":
    resolution:
      {
        integrity: sha512-gffT3xPz9sR7j/YJExkyPntrI0P2EP9XbOyWzth2/Gs0RstK+90RBcO0ncXoXy/beYll1SXw846Nf2zdnEz0QQ==,
      }
    engines: { node: ">=16.20.0" }
    cpu: [arm]
    os: [linux]

  "@typescript/typescript-linux-loong64@7.0.2":
    resolution:
      {
        integrity: sha512-uEHck9i8hoAzXPiYRib1O7miOnz23SxIeVl6F4LXox+qov1K35jHcEW6VHKvZI+pyvl7fZEP4MCU5LYvIq1GuQ==,
      }
    engines: { node: ">=16.20.0" }
    cpu: [loong64]
    os: [linux]

  "@typescript/typescript-linux-mips64el@7.0.2":
    resolution:
      {
        integrity: sha512-R4KvAMnE43W5Qeqb0Ly56O3mWMWIAgsMyz36DCaycd5nbg/9kzm0liw3JocfRqyJY0KPmzFjbswozXyW0DnIYA==,
      }
    engines: { node: ">=16.20.0" }
    cpu: [mips64el]
    os: [linux]

  "@typescript/typescript-linux-ppc64@7.0.2":
    resolution:
      {
        integrity: sha512-DORx5b3sd/4S7eayxm4FQv+A7CrkUIGRaHiwI8oiHTAI1fAPWhF4J0vAlkC8biAlHSVVwxMQ3tjZ2/DVbnQiiA==,
      }
    engines: { node: ">=16.20.0" }
    cpu: [ppc64]
    os: [linux]

  "@typescript/typescript-linux-riscv64@7.0.2":
    resolution:
      {
        integrity: sha512-wf0jqEDOjrPRnKwYRyyJDRo11KMbvMFrU+q4zqKyChODBzvlkbhNQfKvLxQCcwTpdDaXSHZTVuh0JoCrKCUMHQ==,
      }
    engines: { node: ">=16.20.0" }
    cpu: [riscv64]
    os: [linux]

  "@typescript/typescript-linux-s390x@7.0.2":
    resolution:
      {
        integrity: sha512-IkwJc3L7yhytWd/ewjyxNDfOmswCm9GWMJT/ue/dU4aZNbwZeYAetq42VyLmsmSjvoX7z74X6ZaYCtzAr0EuGw==,
      }
    engines: { node: ">=16.20.0" }
    cpu: [s390x]
    os: [linux]

  "@typescript/typescript-linux-x64@7.0.2":
    resolution:
      {
        integrity: sha512-EYdf2cNg7rgCWJnxCdJ+F3V39O8ihb37eHAu1LK8oAFizgTQbPOK7zHHXbPt8rX24COqODXeI3sIf0fCXG7H/A==,
      }
    engines: { node: ">=16.20.0" }
    cpu: [x64]
    os: [linux]

  "@typescript/typescript-netbsd-arm64@7.0.2":
    resolution:
      {
        integrity: sha512-+polYF4MF04aPpO5FTkHran9yUQDSXqy5GiSDKpsll5jy3l3+g9QLhpf39T+ePtefhXLOGrLl0QIjkQP6VnelA==,
      }
    engines: { node: ">=16.20.0" }
    cpu: [arm64]
    os: [netbsd]

  "@typescript/typescript-netbsd-x64@7.0.2":
    resolution:
      {
        integrity: sha512-8YIT0EHM/3dq10ZOVF/A7pc/YSMtbcecct4rWtexrnSCHOPcpC2KTLXfTCR6vDpnSiY12heNb1GiN/wu+T/FyA==,
      }
    engines: { node: ">=16.20.0" }
    cpu: [x64]
    os: [netbsd]

  "@typescript/typescript-openbsd-arm64@7.0.2":
    resolution:
      {
        integrity: sha512-APT8+ClYnuYm1u9+kgGXoMj2VzWzcymwh2gNSQVySHfkRDGOTVkoWLjCmOQSaO+PoqQ57B0flRp9SA+7GnnkzQ==,
      }
    engines: { node: ">=16.20.0" }
    cpu: [arm64]
    os: [openbsd]

  "@typescript/typescript-openbsd-x64@7.0.2":
    resolution:
      {
        integrity: sha512-yX7s+Q0Dln0Dt9tEzZsAjXXR/+ytBM7AlglaqyeMPxQszJ1JhlJdZ6jLA+IzldHtflX81em7lDao1xXu+aRRkg==,
      }
    engines: { node: ">=16.20.0" }
    cpu: [x64]
    os: [openbsd]

  "@typescript/typescript-sunos-x64@7.0.2":
    resolution:
      {
        integrity: sha512-dLJDGaLZ1D4HPQn62u1n8mBDkJREwMsAkCdkwd4Ieqw+x3TUyTsqY0YiBCtE6H6OzzgGk3iuZ3vFWRS+E8/d1g==,
      }
    engines: { node: ">=16.20.0" }
    cpu: [x64]
    os: [sunos]

  "@typescript/typescript-win32-arm64@7.0.2":
    resolution:
      {
        integrity: sha512-Gyl1Vy6OsWesLzmq+EP0Fb7b4Nid5232AvcA2SFcdYreldpNtYFFofPjnt62y9hQy7VTaZp65ICJjuAQRaVcIQ==,
      }
    engines: { node: ">=16.20.0" }
    cpu: [arm64]
    os: [win32]

  "@typescript/typescript-win32-x64@7.0.2":
    resolution:
      {
        integrity: sha512-0BQ3HkAHHlKLSp1qRvf3SUhGpGsDuhB/jgFw75guyqbxJqEaS0Cw/VFO8i2nHglJUzQCRtMMR/IBAKE3ETMC4g==,
      }
    engines: { node: ">=16.20.0" }
    cpu: [x64]
    os: [win32]

  chownr@2.0.0:
    resolution:
      {
        integrity: sha512-bIomtDF5KGpdogkLd9VspvFzk9KfpyyGlS8YFVZl7TGPBHL5snIOnxeshwVgPteQ9b4Eydl+pVbIyE1DcvCWgQ==,
      }
    engines: { node: ">=10" }

  cluster-key-slot@1.1.1:
    resolution:
      {
        integrity: sha512-rwHwUfXL40Chm1r08yrhU3qpUvdVlgkKNeyeGPOxnW8/SyVDvgRaed/Uz54AqWNaTCAThlj6QAs3TZcKI0xDEw==,
      }
    engines: { node: ">=0.10.0" }

  data-uri-to-buffer@4.0.1:
    resolution:
      {
        integrity: sha512-0R9ikRb668HB7QDxT1vkpuUBtqc53YyAwMwGeUFKRojY/NWKvdZ+9UYtRfGmhqNbRkTSVpMbmyhXipFFv2cb/A==,
      }
    engines: { node: ">= 12" }

  debug@4.4.3:
    resolution:
      {
        integrity: sha512-RGwwWnwQvkVfavKVt22FGLw+xYSdzARwm0ru6DhTVA3umU5hZc28V3kO4stgYryrTlLpuvgI9GiijltAjNbcqA==,
      }
    engines: { node: ">=6.0" }
    peerDependencies:
      supports-color: "*"
    peerDependenciesMeta:
      supports-color:
        optional: true

  denque@2.1.0:
    resolution:
      {
        integrity: sha512-HVQE3AAb/pxF8fQAoiqpvg9i3evqug3hoiwakOyZAwJm+6vZehbkYXZ0l4JxS+I3QxM97v5aaRNhj8v5oBhekw==,
      }
    engines: { node: ">=0.10" }

  detect-libc@2.1.2:
    resolution:
      {
        integrity: sha512-Btj2BOOO83o3WyH59e8MgXsxEQVcarkUOpEYrubB0urwnN10yQ364rsiByU11nZlqWYZm05i/of7io4mzihBtQ==,
      }
    engines: { node: ">=8" }

  dfx@1.0.15:
    resolution:
      {
        integrity: sha512-LqHeOZLcOJB5D0+BUiy6XkthunolbJoSAAIOjXEiux5P6CzXPbJl0EkaWSDXTbkj/F/pdW9lk1zCC4XAl8yG+w==,
      }
    peerDependencies:
      effect: ">=4.0.0-beta.101 <5.0.0"

  discord-api-types@0.38.49:
    resolution:
      {
        integrity: sha512-XnqcWmnFZFAE8ZM8SHAw9DIV8D3Or00rMQ8iQLotrEA2PmXhl+ykaf6L6q4l474hrSUH1JaYcv+iOMRWp2p6Tg==,
      }

  discord-verify@1.2.0:
    resolution:
      {
        integrity: sha512-8qlrMROW8DhpzWWzgNq9kpeLDxKanWa4EDVoj/ASVv2nr+dSr4JPmu2tFSydf3hAGI/OIJTnZyD0JulMYIxx4w==,
      }
    engines: { node: ">=16" }

  effect@4.0.0-beta.105:
    resolution:
      {
        integrity: sha512-7U5OzWVNlpnZFvXiZfOeu8V+dCQUa3Om569HnYG2Dx8C8V6uoKS920kFJkIDEYVhlSGhzkRqaGKmYY9bPkBMMQ==,
      }

  esbuild@0.28.1:
    resolution:
      {
        integrity: sha512-HrJrvZv5ayxBzPfwphOoNzkzOIIlifzk0KJrGK2c8R4+LKpMtpYLQeUdjnwjWv/LZlkH2laZk+4w78pi99D4Vw==,
      }
    engines: { node: ">=18" }
    hasBin: true

  fast-check@4.9.0:
    resolution:
      {
        integrity: sha512-7ms6T7SybUev/PQITciI0yLM2pOSFy5zpG8Ty7tQofcVaQUvrMXp6CBwqF6fThLCLOrfBtuHAtwq6Yu4XPCllg==,
      }
    engines: { node: ">=12.17.0" }

  fetch-blob@3.2.0:
    resolution:
      {
        integrity: sha512-7yAQpD2UMJzLi1Dqv7qFYnPbaPx7ZfFK6PiIxQ4PfkGPyNyl2Ugx+a/umUonmKqjhM4DnfbMvdX6otXq83soQQ==,
      }
    engines: { node: ^12.20 || >= 14.13 }

  formdata-polyfill@4.0.10:
    resolution:
      {
        integrity: sha512-buewHzMvYL29jdeQTVILecSaZKnt/RJWjoZCF5OW60Z67/GmSLBkOFM7qh1PI3zFNtJbaZL5eQu1vLfazOwj4g==,
      }
    engines: { node: ">=12.20.0" }

  fs-minipass@2.1.0:
    resolution:
      {
        integrity: sha512-V/JgOLFCS+R6Vcq0slCuaeWEdNC3ouDlJMNIsacH2VtALiu9mV4LPrHc5cDl8k5aw6J8jwgWWpiTo5RYhmIzvg==,
      }
    engines: { node: ">= 8" }

  fsevents@2.3.3:
    resolution:
      {
        integrity: sha512-5xoDfX+fL7faATnagmWPpbFtwh/R77WmMMqqHGS65C3vvB0YHrgF+B1YmZ3441tMj5n63k0212XNoJwzlhffQw==,
      }
    engines: { node: ^8.16.0 || ^10.6.0 || >=11.0.0 }
    os: [darwin]

  ioredis@5.11.1:
    resolution:
      {
        integrity: sha512-ehuGcf94bQXhfagULNXrJdfnWO38v070jxSx/qE87Kjzmu2fU7ro5EFAb+OPituLqgfyuQaym5DlrNydW2sJ9A==,
      }
    engines: { node: ">=12.22.0" }

  kubernetes-types@1.30.0:
    resolution:
      {
        integrity: sha512-Dew1okvhM/SQcIa2rcgujNndZwU8VnSapDgdxlYoB84ZlpAD43U6KLAFqYo17ykSFGHNPrg0qry0bP+GJd9v7Q==,
      }

  mime@4.1.0:
    resolution:
      {
        integrity: sha512-X5ju04+cAzsojXKes0B/S4tcYtFAJ6tTMuSPBEn9CPGlrWr8Fiw7qYeLT0XyH80HSoAoqWCaz+MWKh22P7G1cw==,
      }
    engines: { node: ">=16" }
    hasBin: true

  minipass@3.3.6:
    resolution:
      {
        integrity: sha512-DxiNidxSEK+tHG6zOIklvNOwm3hvCrbUrdtzY74U6HKTJxvIDfOUL5W5P2Ghd3DTkhhKPYGqeNUIh5qcM4YBfw==,
      }
    engines: { node: ">=8" }

  minipass@5.0.0:
    resolution:
      {
        integrity: sha512-3FnjYuehv9k6ovOEbyOswadCDPX1piCfhV8ncmYtHOjuPwylVWsghTLo7rabjC3Rx5xD4HDx8Wm1xnMF7S5qFQ==,
      }
    engines: { node: ">=8" }

  minizlib@2.1.2:
    resolution:
      {
        integrity: sha512-bAxsR8BVfj60DWXHE3u30oHzfl4G7khkSuPW+qvpd7jFRHm7dLxOjUk1EHACJ/hxLY8phGJ0YhYHZo7jil7Qdg==,
      }
    engines: { node: ">= 8" }

  mkdirp@1.0.4:
    resolution:
      {
        integrity: sha512-vVqVZQyf3WLx2Shd0qJ9xuvqgAyKPLAiqITEtqW0oIUjzo3PePDd6fW9iFz30ef7Ysp/oiWqbhszeGWW2T6Gzw==,
      }
    engines: { node: ">=10" }
    hasBin: true

  ms@2.1.3:
    resolution:
      {
        integrity: sha512-6FlzubTLZG3J2a/NVCAleEhjzq5oxgHyaCU9yYXvcLsvoVaHJq/s5xXI6/XXP6tz7R9xAOtHnSO/tXtF3WRTlA==,
      }

  msgpackr-extract@3.0.4:
    resolution:
      {
        integrity: sha512-4kmO/MdyUIkLIvTPr8VHLil4AtoKIoniWPIEk5+CDy0xnWC84azhSFmuJ7PxZdsYtiP5kEeQsORAVIeMgxT+Hw==,
      }
    hasBin: true

  msgpackr@2.0.4:
    resolution:
      {
        integrity: sha512-o1C5KRmuRt+apqMr1HuGSqWStZoRBUpEsCsl15uM9VdAF1qHLtvMOU2En747EnTyEl6c4pzPewRMFF31s1CNbA==,
      }

  node-domexception@1.0.0:
    resolution:
      {
        integrity: sha512-/jKZoMpw0F8GRwl4/eLROPA3cfcXtLApP0QzLmUT/HuPCZWyB7IY9ZrMeKw2O/nFIqPQB3PVM9aYm0F312AXDQ==,
      }
    engines: { node: ">=10.5.0" }
    deprecated: Use your platform's native DOMException instead

  node-fetch@3.3.2:
    resolution:
      {
        integrity: sha512-dRB78srN/l6gqWulah9SrxeYnxeddIG30+GOqK/9OlLVyLg3HPnr6SqOWTWOXKRwC2eGYCkZ59NNuSgvSrpgOA==,
      }
    engines: { node: ^12.20.0 || ^14.13.1 || >=16.0.0 }

  node-gyp-build-optional-packages@5.2.2:
    resolution:
      {
        integrity: sha512-s+w+rBWnpTMwSFbaE0UXsRlg7hU4FjekKU4eyAih5T8nJuNZT1nNsskXpxmeqSK9UzkBl6UgRlnKc8hz8IEqOw==,
      }
    hasBin: true

  prettier@3.9.6:
    resolution:
      {
        integrity: sha512-OpN0zzVdiaiAhxpuuj5efpIS4sY9j7bY6uR5mnj5yPzGkdkjNKSJeUThPb60Jw29QuAZgA4o+/iB49kFiaBX6g==,
      }
    engines: { node: ">=14" }
    hasBin: true

  pure-rand@8.4.2:
    resolution:
      {
        integrity: sha512-vvuOGgcuPJAirlHvuQw1TrOiw7ptaIXXmIbNuiNOY6lNGJJH49PQ1Kj4nd783nPdQhQdicgOjVI2yI/9BD6/Ng==,
      }

  redis-errors@1.2.0:
    resolution:
      {
        integrity: sha512-1qny3OExCf0UvUV/5wpYKf2YwPcOqXzkwKKSmKHiE6ZMQs5heeE/c8eXK+PNllPvmjgAbfnsbpkGZWy8cBpn9w==,
      }
    engines: { node: ">=4" }

  redis-parser@3.0.0:
    resolution:
      {
        integrity: sha512-DJnGAeenTdpMEH6uAJRK/uiyEIH9WVsUmoLwzudwGJUwZPp80PDBWPHXSAGNPwNvIXAbe7MSUB1zQFugFml66A==,
      }
    engines: { node: ">=4" }

  semver@7.8.5:
    resolution:
      {
        integrity: sha512-Y7/KDsb8LjooZpwaqGyulO6DQlksgCncchHGk+sZIY4SBvUocMBEFH5Ur1fI4dV+Jvl0w6cjvucaIi40puRioA==,
      }
    engines: { node: ">=10" }
    hasBin: true

  sharp@0.35.4:
    resolution:
      {
        integrity: sha512-n++8XWcj+jCOr2IOl7h8LbKnGBDY4aPbmprMONBNFdn0ImXqpGVv5zliDs0V9HbmbCQLpbuo2ej9rAoOQTvMDA==,
      }
    engines: { node: ">=20.9.0" }
    peerDependencies:
      "@types/node": "*"
    peerDependenciesMeta:
      "@types/node":
        optional: true

  standard-as-callback@2.1.0:
    resolution:
      {
        integrity: sha512-qoRRSyROncaz1z0mvYqIE4lCd9p2R90i6GxW3uZv5ucSu8tU7B5HXUP1gG8pVZsYNVaXjk8ClXHPttLyxAL48A==,
      }

  tar@6.2.1:
    resolution:
      {
        integrity: sha512-DZ4yORTwrbTj/7MZYq2w+/ZFdI6OZ/f9SFHR+71gIVUZhOQPHzVCLpvRnPgyaMpfWxxk/4ONva3GQSyNIKRv6A==,
      }
    engines: { node: ">=10" }
    deprecated: Old versions of tar are not supported, and contain widely publicized security vulnerabilities, which have been fixed in the current version. Please update. Support for old versions may be purchased (at exorbitant rates) by contacting i@izs.me

  tslib@2.8.1:
    resolution:
      {
        integrity: sha512-oJFu94HQb+KVduSUQL7wnpmqnfmLsOA/nAh6b6EH0wCEoK0/mPeXU6c3wKDV83MkOuHPRHtSXKKU99IBazS/2w==,
      }

  tsx@4.23.1:
    resolution:
      {
        integrity: sha512-GQHnkIfxyx1wYCOS/wonik5MVRZU9hi1TEZmzGZSCJB1y9YgoZ8H6itNE/u4suE+yLmOzuE4E5S4TZ/ZX2wcWQ==,
      }
    engines: { node: ">=18.0.0" }
    hasBin: true

  typescript@7.0.2:
    resolution:
      {
        integrity: sha512-8FYau96o3NKOhbjKi/qNvG/W5jhzxkbdm5sj9AbZ/5T5sWqn3hJgLfGx27sRKZWTvyzCP8dLRBTf5tBTSRVUNA==,
      }
    engines: { node: ">=16.20.0" }
    hasBin: true

  undici-types@8.3.0:
    resolution:
      {
        integrity: sha512-j375ScV60dom+YkPFIfTLcOiPxkN/buHz5GobjLhixFuANaNs3C9l4GmrWqejgXWJ7BbJcFYpTEUkS1Ge8bpZQ==,
      }

  undici@8.7.0:
    resolution:
      {
        integrity: sha512-N7iQtfyLhIMOFgQubvmLV26svHpO0bqKnAiWotTQCVKCmWrcGbBotPuW1x+xwYZ2VHdSTVUfPQQnlEt1/LouTQ==,
      }
    engines: { node: ">=22.19.0" }

  uuid@14.0.1:
    resolution:
      {
        integrity: sha512-6ZxzVpzDXDa3bJWaHilVayA+BH/1zmxCJoVgvmqJnid/gPoKHxUrS/aC/T6LGQtNHT+XHG9fXPJB4d+IrU30Ew==,
      }
    hasBin: true

  web-streams-polyfill@3.3.3:
    resolution:
      {
        integrity: sha512-d2JWLCivmZYTSIoge9MsgFCZrt571BikcWGYkjC1khllbTeDlGqZ2D8vD8E/lJa8WGWbb7Plm8/XJYV7IJHZZw==,
      }
    engines: { node: ">= 8" }

  ws@8.21.0:
    resolution:
      {
        integrity: sha512-Vsp28b7DRcimFQvrqu2Wek3z1iYxDCWqHYB8Qsnk/S4RfaCQzPGPyBNuVjJV3cd6UiKtUtp6sNM77gWvzcCH+g==,
      }
    engines: { node: ">=10.0.0" }
    peerDependencies:
      bufferutil: ^4.0.1
      utf-8-validate: ">=5.0.2"
    peerDependenciesMeta:
      bufferutil:
        optional: true
      utf-8-validate:
        optional: true

  yallist@4.0.0:
    resolution:
      {
        integrity: sha512-3wdGidZyq5PB084XLES5TpOSRA3wjXAlIWMhum2kRcv/41Sn2emQ0dycQW4uZXLejwKvg6EsvbdlVL+FYEct7A==,
      }

snapshots:
  "@effect/platform-node-shared@4.0.0-beta.105(effect@4.0.0-beta.105)":
    dependencies:
      "@types/ws": 8.18.1
      effect: 4.0.0-beta.105
      ws: 8.21.0
    transitivePeerDependencies:
      - bufferutil
      - utf-8-validate

  "@effect/platform-node@4.0.0-beta.105(effect@4.0.0-beta.105)(ioredis@5.11.1)":
    dependencies:
      "@effect/platform-node-shared": 4.0.0-beta.105(effect@4.0.0-beta.105)
      effect: 4.0.0-beta.105
      ioredis: 5.11.1
      mime: 4.1.0
      undici: 8.7.0
    transitivePeerDependencies:
      - bufferutil
      - utf-8-validate

  "@effect/sql-sqlite-node@4.0.0-beta.105(effect@4.0.0-beta.105)":
    dependencies:
      effect: 4.0.0-beta.105

  "@emnapi/runtime@1.11.3":
    dependencies:
      tslib: 2.8.1
    optional: true

  "@esbuild/aix-ppc64@0.28.1":
    optional: true

  "@esbuild/android-arm64@0.28.1":
    optional: true

  "@esbuild/android-arm@0.28.1":
    optional: true

  "@esbuild/android-x64@0.28.1":
    optional: true

  "@esbuild/darwin-arm64@0.28.1":
    optional: true

  "@esbuild/darwin-x64@0.28.1":
    optional: true

  "@esbuild/freebsd-arm64@0.28.1":
    optional: true

  "@esbuild/freebsd-x64@0.28.1":
    optional: true

  "@esbuild/linux-arm64@0.28.1":
    optional: true

  "@esbuild/linux-arm@0.28.1":
    optional: true

  "@esbuild/linux-ia32@0.28.1":
    optional: true

  "@esbuild/linux-loong64@0.28.1":
    optional: true

  "@esbuild/linux-mips64el@0.28.1":
    optional: true

  "@esbuild/linux-ppc64@0.28.1":
    optional: true

  "@esbuild/linux-riscv64@0.28.1":
    optional: true

  "@esbuild/linux-s390x@0.28.1":
    optional: true

  "@esbuild/linux-x64@0.28.1":
    optional: true

  "@esbuild/netbsd-arm64@0.28.1":
    optional: true

  "@esbuild/netbsd-x64@0.28.1":
    optional: true

  "@esbuild/openbsd-arm64@0.28.1":
    optional: true

  "@esbuild/openbsd-x64@0.28.1":
    optional: true

  "@esbuild/openharmony-arm64@0.28.1":
    optional: true

  "@esbuild/sunos-x64@0.28.1":
    optional: true

  "@esbuild/win32-arm64@0.28.1":
    optional: true

  "@esbuild/win32-ia32@0.28.1":
    optional: true

  "@esbuild/win32-x64@0.28.1":
    optional: true

  "@img/colour@1.1.0": {}

  "@img/sharp-darwin-arm64@0.35.4":
    optionalDependencies:
      "@img/sharp-libvips-darwin-arm64": 1.3.3
    optional: true

  "@img/sharp-darwin-x64@0.35.4":
    optionalDependencies:
      "@img/sharp-libvips-darwin-x64": 1.3.3
    optional: true

  "@img/sharp-freebsd-wasm32@0.35.4":
    dependencies:
      "@img/sharp-wasm32": 0.35.4
    optional: true

  "@img/sharp-libvips-darwin-arm64@1.3.3":
    optional: true

  "@img/sharp-libvips-darwin-x64@1.3.3":
    optional: true

  "@img/sharp-libvips-linux-arm64@1.3.3":
    optional: true

  "@img/sharp-libvips-linux-arm@1.3.3":
    optional: true

  "@img/sharp-libvips-linux-ppc64@1.3.3":
    optional: true

  "@img/sharp-libvips-linux-riscv64@1.3.3":
    optional: true

  "@img/sharp-libvips-linux-s390x@1.3.3":
    optional: true

  "@img/sharp-libvips-linux-x64@1.3.3":
    optional: true

  "@img/sharp-libvips-linuxmusl-arm64@1.3.3":
    optional: true

  "@img/sharp-libvips-linuxmusl-x64@1.3.3":
    optional: true

  "@img/sharp-linux-arm64@0.35.4":
    optionalDependencies:
      "@img/sharp-libvips-linux-arm64": 1.3.3
    optional: true

  "@img/sharp-linux-arm@0.35.4":
    optionalDependencies:
      "@img/sharp-libvips-linux-arm": 1.3.3
    optional: true

  "@img/sharp-linux-ppc64@0.35.4":
    optionalDependencies:
      "@img/sharp-libvips-linux-ppc64": 1.3.3
    optional: true

  "@img/sharp-linux-riscv64@0.35.4":
    optionalDependencies:
      "@img/sharp-libvips-linux-riscv64": 1.3.3
    optional: true

  "@img/sharp-linux-s390x@0.35.4":
    optionalDependencies:
      "@img/sharp-libvips-linux-s390x": 1.3.3
    optional: true

  "@img/sharp-linux-x64@0.35.4":
    optionalDependencies:
      "@img/sharp-libvips-linux-x64": 1.3.3
    optional: true

  "@img/sharp-linuxmusl-arm64@0.35.4":
    optionalDependencies:
      "@img/sharp-libvips-linuxmusl-arm64": 1.3.3
    optional: true

  "@img/sharp-linuxmusl-x64@0.35.4":
    optionalDependencies:
      "@img/sharp-libvips-linuxmusl-x64": 1.3.3
    optional: true

  "@img/sharp-wasm32@0.35.4":
    dependencies:
      "@emnapi/runtime": 1.11.3
    optional: true

  "@img/sharp-webcontainers-wasm32@0.35.4":
    dependencies:
      "@img/sharp-wasm32": 0.35.4
    optional: true

  "@img/sharp-win32-arm64@0.35.4":
    optional: true

  "@img/sharp-win32-ia32@0.35.4":
    optional: true

  "@img/sharp-win32-x64@0.35.4":
    optional: true

  "@ioredis/commands@1.10.0": {}

  "@msgpackr-extract/msgpackr-extract-darwin-arm64@3.0.4":
    optional: true

  "@msgpackr-extract/msgpackr-extract-darwin-x64@3.0.4":
    optional: true

  "@msgpackr-extract/msgpackr-extract-linux-arm64@3.0.4":
    optional: true

  "@msgpackr-extract/msgpackr-extract-linux-arm@3.0.4":
    optional: true

  "@msgpackr-extract/msgpackr-extract-linux-x64@3.0.4":
    optional: true

  "@msgpackr-extract/msgpackr-extract-win32-x64@3.0.4":
    optional: true

  "@napi-rs/triples@1.2.0": {}

  "@railway/cli@5.30.1":
    dependencies:
      "@napi-rs/triples": 1.2.0
      node-fetch: 3.3.2
      tar: 6.2.1

  "@standard-schema/spec@1.1.0": {}

  "@types/body-parser@1.19.6":
    dependencies:
      "@types/connect": 3.4.38
      "@types/node": 26.1.1
    optional: true

  "@types/connect@3.4.38":
    dependencies:
      "@types/node": 26.1.1
    optional: true

  "@types/express-serve-static-core@4.19.9":
    dependencies:
      "@types/node": 26.1.1
      "@types/qs": 6.15.1
      "@types/range-parser": 1.2.7
      "@types/send": 1.2.1
    optional: true

  "@types/express@4.17.25":
    dependencies:
      "@types/body-parser": 1.19.6
      "@types/express-serve-static-core": 4.19.9
      "@types/qs": 6.15.1
      "@types/serve-static": 1.15.10
    optional: true

  "@types/http-errors@2.0.5":
    optional: true

  "@types/mime@1.3.5":
    optional: true

  "@types/node@26.1.1":
    dependencies:
      undici-types: 8.3.0

  "@types/qs@6.15.1":
    optional: true

  "@types/range-parser@1.2.7":
    optional: true

  "@types/send@0.17.6":
    dependencies:
      "@types/mime": 1.3.5
      "@types/node": 26.1.1
    optional: true

  "@types/send@1.2.1":
    dependencies:
      "@types/node": 26.1.1
    optional: true

  "@types/serve-static@1.15.10":
    dependencies:
      "@types/http-errors": 2.0.5
      "@types/node": 26.1.1
      "@types/send": 0.17.6
    optional: true

  "@types/ws@8.18.1":
    dependencies:
      "@types/node": 26.1.1

  "@typescript/typescript-aix-ppc64@7.0.2":
    optional: true

  "@typescript/typescript-darwin-arm64@7.0.2":
    optional: true

  "@typescript/typescript-darwin-x64@7.0.2":
    optional: true

  "@typescript/typescript-freebsd-arm64@7.0.2":
    optional: true

  "@typescript/typescript-freebsd-x64@7.0.2":
    optional: true

  "@typescript/typescript-linux-arm64@7.0.2":
    optional: true

  "@typescript/typescript-linux-arm@7.0.2":
    optional: true

  "@typescript/typescript-linux-loong64@7.0.2":
    optional: true

  "@typescript/typescript-linux-mips64el@7.0.2":
    optional: true

  "@typescript/typescript-linux-ppc64@7.0.2":
    optional: true

  "@typescript/typescript-linux-riscv64@7.0.2":
    optional: true

  "@typescript/typescript-linux-s390x@7.0.2":
    optional: true

  "@typescript/typescript-linux-x64@7.0.2":
    optional: true

  "@typescript/typescript-netbsd-arm64@7.0.2":
    optional: true

  "@typescript/typescript-netbsd-x64@7.0.2":
    optional: true

  "@typescript/typescript-openbsd-arm64@7.0.2":
    optional: true

  "@typescript/typescript-openbsd-x64@7.0.2":
    optional: true

  "@typescript/typescript-sunos-x64@7.0.2":
    optional: true

  "@typescript/typescript-win32-arm64@7.0.2":
    optional: true

  "@typescript/typescript-win32-x64@7.0.2":
    optional: true

  chownr@2.0.0: {}

  cluster-key-slot@1.1.1: {}

  data-uri-to-buffer@4.0.1: {}

  debug@4.4.3:
    dependencies:
      ms: 2.1.3

  denque@2.1.0: {}

  detect-libc@2.1.2: {}

  dfx@1.0.15(effect@4.0.0-beta.105):
    dependencies:
      discord-api-types: 0.38.49
      effect: 4.0.0-beta.105
    optionalDependencies:
      discord-verify: 1.2.0

  discord-api-types@0.38.49: {}

  discord-verify@1.2.0:
    dependencies:
      "@types/express": 4.17.25
    optional: true

  effect@4.0.0-beta.105:
    dependencies:
      "@standard-schema/spec": 1.1.0
      fast-check: 4.9.0
      kubernetes-types: 1.30.0
      msgpackr: 2.0.4
      uuid: 14.0.1

  esbuild@0.28.1:
    optionalDependencies:
      "@esbuild/aix-ppc64": 0.28.1
      "@esbuild/android-arm": 0.28.1
      "@esbuild/android-arm64": 0.28.1
      "@esbuild/android-x64": 0.28.1
      "@esbuild/darwin-arm64": 0.28.1
      "@esbuild/darwin-x64": 0.28.1
      "@esbuild/freebsd-arm64": 0.28.1
      "@esbuild/freebsd-x64": 0.28.1
      "@esbuild/linux-arm": 0.28.1
      "@esbuild/linux-arm64": 0.28.1
      "@esbuild/linux-ia32": 0.28.1
      "@esbuild/linux-loong64": 0.28.1
      "@esbuild/linux-mips64el": 0.28.1
      "@esbuild/linux-ppc64": 0.28.1
      "@esbuild/linux-riscv64": 0.28.1
      "@esbuild/linux-s390x": 0.28.1
      "@esbuild/linux-x64": 0.28.1
      "@esbuild/netbsd-arm64": 0.28.1
      "@esbuild/netbsd-x64": 0.28.1
      "@esbuild/openbsd-arm64": 0.28.1
      "@esbuild/openbsd-x64": 0.28.1
      "@esbuild/openharmony-arm64": 0.28.1
      "@esbuild/sunos-x64": 0.28.1
      "@esbuild/win32-arm64": 0.28.1
      "@esbuild/win32-ia32": 0.28.1
      "@esbuild/win32-x64": 0.28.1

  fast-check@4.9.0:
    dependencies:
      pure-rand: 8.4.2

  fetch-blob@3.2.0:
    dependencies:
      node-domexception: 1.0.0
      web-streams-polyfill: 3.3.3

  formdata-polyfill@4.0.10:
    dependencies:
      fetch-blob: 3.2.0

  fs-minipass@2.1.0:
    dependencies:
      minipass: 3.3.6

  fsevents@2.3.3:
    optional: true

  ioredis@5.11.1:
    dependencies:
      "@ioredis/commands": 1.10.0
      cluster-key-slot: 1.1.1
      debug: 4.4.3
      denque: 2.1.0
      redis-errors: 1.2.0
      redis-parser: 3.0.0
      standard-as-callback: 2.1.0
    transitivePeerDependencies:
      - supports-color

  kubernetes-types@1.30.0: {}

  mime@4.1.0: {}

  minipass@3.3.6:
    dependencies:
      yallist: 4.0.0

  minipass@5.0.0: {}

  minizlib@2.1.2:
    dependencies:
      minipass: 3.3.6
      yallist: 4.0.0

  mkdirp@1.0.4: {}

  ms@2.1.3: {}

  msgpackr-extract@3.0.4:
    dependencies:
      node-gyp-build-optional-packages: 5.2.2
    optionalDependencies:
      "@msgpackr-extract/msgpackr-extract-darwin-arm64": 3.0.4
      "@msgpackr-extract/msgpackr-extract-darwin-x64": 3.0.4
      "@msgpackr-extract/msgpackr-extract-linux-arm": 3.0.4
      "@msgpackr-extract/msgpackr-extract-linux-arm64": 3.0.4
      "@msgpackr-extract/msgpackr-extract-linux-x64": 3.0.4
      "@msgpackr-extract/msgpackr-extract-win32-x64": 3.0.4
    optional: true

  msgpackr@2.0.4:
    optionalDependencies:
      msgpackr-extract: 3.0.4

  node-domexception@1.0.0: {}

  node-fetch@3.3.2:
    dependencies:
      data-uri-to-buffer: 4.0.1
      fetch-blob: 3.2.0
      formdata-polyfill: 4.0.10

  node-gyp-build-optional-packages@5.2.2:
    dependencies:
      detect-libc: 2.1.2
    optional: true

  prettier@3.9.6: {}

  pure-rand@8.4.2: {}

  redis-errors@1.2.0: {}

  redis-parser@3.0.0:
    dependencies:
      redis-errors: 1.2.0

  semver@7.8.5: {}

  sharp@0.35.4(@types/node@26.1.1):
    dependencies:
      "@img/colour": 1.1.0
      detect-libc: 2.1.2
      semver: 7.8.5
    optionalDependencies:
      "@img/sharp-darwin-arm64": 0.35.4
      "@img/sharp-darwin-x64": 0.35.4
      "@img/sharp-freebsd-wasm32": 0.35.4
      "@img/sharp-libvips-darwin-arm64": 1.3.3
      "@img/sharp-libvips-darwin-x64": 1.3.3
      "@img/sharp-libvips-linux-arm": 1.3.3
      "@img/sharp-libvips-linux-arm64": 1.3.3
      "@img/sharp-libvips-linux-ppc64": 1.3.3
      "@img/sharp-libvips-linux-riscv64": 1.3.3
      "@img/sharp-libvips-linux-s390x": 1.3.3
      "@img/sharp-libvips-linux-x64": 1.3.3
      "@img/sharp-libvips-linuxmusl-arm64": 1.3.3
      "@img/sharp-libvips-linuxmusl-x64": 1.3.3
      "@img/sharp-linux-arm": 0.35.4
      "@img/sharp-linux-arm64": 0.35.4
      "@img/sharp-linux-ppc64": 0.35.4
      "@img/sharp-linux-riscv64": 0.35.4
      "@img/sharp-linux-s390x": 0.35.4
      "@img/sharp-linux-x64": 0.35.4
      "@img/sharp-linuxmusl-arm64": 0.35.4
      "@img/sharp-linuxmusl-x64": 0.35.4
      "@img/sharp-webcontainers-wasm32": 0.35.4
      "@img/sharp-win32-arm64": 0.35.4
      "@img/sharp-win32-ia32": 0.35.4
      "@img/sharp-win32-x64": 0.35.4
      "@types/node": 26.1.1

  standard-as-callback@2.1.0: {}

  tar@6.2.1:
    dependencies:
      chownr: 2.0.0
      fs-minipass: 2.1.0
      minipass: 5.0.0
      minizlib: 2.1.2
      mkdirp: 1.0.4
      yallist: 4.0.0

  tslib@2.8.1:
    optional: true

  tsx@4.23.1:
    dependencies:
      esbuild: 0.28.1
    optionalDependencies:
      fsevents: 2.3.3

  typescript@7.0.2:
    optionalDependencies:
      "@typescript/typescript-aix-ppc64": 7.0.2
      "@typescript/typescript-darwin-arm64": 7.0.2
      "@typescript/typescript-darwin-x64": 7.0.2
      "@typescript/typescript-freebsd-arm64": 7.0.2
      "@typescript/typescript-freebsd-x64": 7.0.2
      "@typescript/typescript-linux-arm": 7.0.2
      "@typescript/typescript-linux-arm64": 7.0.2
      "@typescript/typescript-linux-loong64": 7.0.2
      "@typescript/typescript-linux-mips64el": 7.0.2
      "@typescript/typescript-linux-ppc64": 7.0.2
      "@typescript/typescript-linux-riscv64": 7.0.2
      "@typescript/typescript-linux-s390x": 7.0.2
      "@typescript/typescript-linux-x64": 7.0.2
      "@typescript/typescript-netbsd-arm64": 7.0.2
      "@typescript/typescript-netbsd-x64": 7.0.2
      "@typescript/typescript-openbsd-arm64": 7.0.2
      "@typescript/typescript-openbsd-x64": 7.0.2
      "@typescript/typescript-sunos-x64": 7.0.2
      "@typescript/typescript-win32-arm64": 7.0.2
      "@typescript/typescript-win32-x64": 7.0.2

  undici-types@8.3.0: {}

  undici@8.7.0: {}

  uuid@14.0.1: {}

  web-streams-polyfill@3.3.3: {}

  ws@8.21.0: {}

  yallist@4.0.0: {}
